{
  "version": 4,
  "terraform_version": "1.0.5",
  "serial": 17,
  "lineage": "506ae4a0-be96-a924-9ff0-bcf97284fd6d",
  "outputs": {
    "url": {
      "value": [
        "http://so-0-2118247212.us-east-1.elb.amazonaws.com:443",
        "http://so-1-1137510015.us-east-1.elb.amazonaws.com:443"
      ],
      "type": [
        "tuple",
        [
          "string",
          "string"
        ]
      ]
    }
  },
  "resources": [
    {
      "mode": "data",
      "type": "aws_subnet_ids",
      "name": "default",
      "provider": "provider[\"registry.terraform.io/hashicorp/aws\"]",
      "instances": [
        {
          "schema_version": 0,
          "attributes": {
            "filter": null,
            "id": "vpc-099dc344bf33d4f3e",
            "ids": [
              "subnet-00588fc9401fb1b7b",
              "subnet-0e038b35f5d139b2d"
            ],
            "tags": {
              "network": "private"
            },
            "vpc_id": "vpc-099dc344bf33d4f3e"
          },
          "sensitive_attributes": []
        }
      ]
    },
    {
      "mode": "data",
      "type": "aws_vpc",
      "name": "this",
      "provider": "provider[\"registry.terraform.io/hashicorp/aws\"]",
      "instances": [
        {
          "schema_version": 0,
          "attributes": {
            "arn": "arn:aws:ec2:us-east-1:117865246796:vpc/vpc-099dc344bf33d4f3e",
            "cidr_block": "172.24.0.0/24",
            "cidr_block_associations": [
              {
                "association_id": "vpc-cidr-assoc-0a14ec0d9d922b19c",
                "cidr_block": "172.24.0.0/24",
                "state": "associated"
              },
              {
                "association_id": "vpc-cidr-assoc-07439c652ae985bef",
                "cidr_block": "172.24.128.128/26",
                "state": "associated"
              }
            ],
            "default": false,
            "dhcp_options_id": "dopt-d3fccfab",
            "enable_dns_hostnames": false,
            "enable_dns_support": true,
            "filter": null,
            "id": "vpc-099dc344bf33d4f3e",
            "instance_tenancy": "default",
            "ipv6_association_id": null,
            "ipv6_cidr_block": null,
            "main_route_table_id": "rtb-067ab4de9e5e5b1a5",
            "owner_id": "117865246796",
            "state": "available",
            "tags": {
              "Name": "td000-dev1-us-east-1",
              "owner": "td",
              "terraform": "true",
              "use_case": "td000"
            }
          },
          "sensitive_attributes": []
        }
      ]
    },
    {
      "mode": "managed",
      "type": "aws_elb",
      "name": "webserver_example",
      "provider": "provider[\"registry.terraform.io/hashicorp/aws\"]",
      "instances": [
        {
          "index_key": 0,
          "schema_version": 0,
          "attributes": {
            "access_logs": [],
            "arn": "arn:aws:elasticloadbalancing:us-east-1:117865246796:loadbalancer/so-0",
            "availability_zones": [
              "us-east-1a",
              "us-east-1b"
            ],
            "connection_draining": false,
            "connection_draining_timeout": 300,
            "cross_zone_load_balancing": true,
            "dns_name": "so-0-2118247212.us-east-1.elb.amazonaws.com",
            "health_check": [
              {
                "healthy_threshold": 10,
                "interval": 30,
                "target": "TCP:8000",
                "timeout": 5,
                "unhealthy_threshold": 2
              }
            ],
            "id": "so-0",
            "idle_timeout": 60,
            "instances": [],
            "internal": false,
            "listener": [
              {
                "instance_port": 8000,
                "instance_protocol": "http",
                "lb_port": 80,
                "lb_protocol": "http",
                "ssl_certificate_id": ""
              }
            ],
            "name": "so-0",
            "name_prefix": null,
            "security_groups": [
              "sg-00f3a38bbca43bab0"
            ],
            "source_security_group": "117865246796/so-0",
            "source_security_group_id": "sg-00f3a38bbca43bab0",
            "subnets": [
              "subnet-00588fc9401fb1b7b",
              "subnet-0e038b35f5d139b2d"
            ],
            "tags": null,
            "tags_all": {},
            "zone_id": "Z35SXDOTRQ7X7K"
          },
          "sensitive_attributes": [],
          "private": "bnVsbA==",
          "dependencies": [
            "aws_security_group.elb",
            "data.aws_subnet_ids.default",
            "data.aws_vpc.this"
          ]
        },
        {
          "index_key": 1,
          "schema_version": 0,
          "attributes": {
            "access_logs": [],
            "arn": "arn:aws:elasticloadbalancing:us-east-1:117865246796:loadbalancer/so-1",
            "availability_zones": [
              "us-east-1a",
              "us-east-1b"
            ],
            "connection_draining": false,
            "connection_draining_timeout": 300,
            "cross_zone_load_balancing": true,
            "dns_name": "so-1-1137510015.us-east-1.elb.amazonaws.com",
            "health_check": [
              {
                "healthy_threshold": 10,
                "interval": 30,
                "target": "TCP:8000",
                "timeout": 5,
                "unhealthy_threshold": 2
              }
            ],
            "id": "so-1",
            "idle_timeout": 60,
            "instances": [],
            "internal": false,
            "listener": [
              {
                "instance_port": 8000,
                "instance_protocol": "http",
                "lb_port": 80,
                "lb_protocol": "http",
                "ssl_certificate_id": ""
              }
            ],
            "name": "so-1",
            "name_prefix": null,
            "security_groups": [
              "sg-011ad39fe4a055f70"
            ],
            "source_security_group": "117865246796/so-1",
            "source_security_group_id": "sg-011ad39fe4a055f70",
            "subnets": [
              "subnet-00588fc9401fb1b7b",
              "subnet-0e038b35f5d139b2d"
            ],
            "tags": null,
            "tags_all": {},
            "zone_id": "Z35SXDOTRQ7X7K"
          },
          "sensitive_attributes": [],
          "private": "bnVsbA==",
          "dependencies": [
            "aws_security_group.elb",
            "data.aws_subnet_ids.default",
            "data.aws_vpc.this"
          ]
        }
      ]
    },
    {
      "mode": "managed",
      "type": "aws_security_group",
      "name": "elb",
      "provider": "provider[\"registry.terraform.io/hashicorp/aws\"]",
      "instances": [
        {
          "index_key": 0,
          "schema_version": 1,
          "attributes": {
            "arn": "arn:aws:ec2:us-east-1:117865246796:security-group/sg-00f3a38bbca43bab0",
            "description": "so",
            "egress": [],
            "id": "sg-00f3a38bbca43bab0",
            "ingress": [
              {
                "cidr_blocks": [
                  "172.24.0.0/24"
                ],
                "description": "HTTPS",
                "from_port": 80,
                "ipv6_cidr_blocks": [],
                "prefix_list_ids": [],
                "protocol": "tcp",
                "security_groups": [],
                "self": false,
                "to_port": 80
              }
            ],
            "name": "so-0",
            "name_prefix": "",
            "owner_id": "117865246796",
            "revoke_rules_on_delete": false,
            "tags": {
              "Name": "so_69260378",
              "owner": "aws-terraform-adhoc",
              "terraform": "true",
              "use_case": "td000",
              "workspace": "default"
            },
            "tags_all": {
              "Name": "so_69260378",
              "owner": "aws-terraform-adhoc",
              "terraform": "true",
              "use_case": "td000",
              "workspace": "default"
            },
            "timeouts": null,
            "vpc_id": "vpc-099dc344bf33d4f3e"
          },
          "sensitive_attributes": [],
          "private": "eyJlMmJmYjczMC1lY2FhLTExZTYtOGY4OC0zNDM2M2JjN2M0YzAiOnsiY3JlYXRlIjo2MDAwMDAwMDAwMDAsImRlbGV0ZSI6OTAwMDAwMDAwMDAwfSwic2NoZW1hX3ZlcnNpb24iOiIxIn0=",
          "dependencies": [
            "data.aws_vpc.this"
          ]
        },
        {
          "index_key": 1,
          "schema_version": 1,
          "attributes": {
            "arn": "arn:aws:ec2:us-east-1:117865246796:security-group/sg-011ad39fe4a055f70",
            "description": "so",
            "egress": [],
            "id": "sg-011ad39fe4a055f70",
            "ingress": [
              {
                "cidr_blocks": [
                  "172.24.0.0/24"
                ],
                "description": "HTTPS",
                "from_port": 80,
                "ipv6_cidr_blocks": [],
                "prefix_list_ids": [],
                "protocol": "tcp",
                "security_groups": [],
                "self": false,
                "to_port": 80
              }
            ],
            "name": "so-1",
            "name_prefix": "",
            "owner_id": "117865246796",
            "revoke_rules_on_delete": false,
            "tags": {
              "Name": "so_69260378",
              "owner": "aws-terraform-adhoc",
              "terraform": "true",
              "use_case": "td000",
              "workspace": "default"
            },
            "tags_all": {
              "Name": "so_69260378",
              "owner": "aws-terraform-adhoc",
              "terraform": "true",
              "use_case": "td000",
              "workspace": "default"
            },
            "timeouts": null,
            "vpc_id": "vpc-099dc344bf33d4f3e"
          },
          "sensitive_attributes": [],
          "private": "eyJlMmJmYjczMC1lY2FhLTExZTYtOGY4OC0zNDM2M2JjN2M0YzAiOnsiY3JlYXRlIjo2MDAwMDAwMDAwMDAsImRlbGV0ZSI6OTAwMDAwMDAwMDAwfSwic2NoZW1hX3ZlcnNpb24iOiIxIn0=",
          "dependencies": [
            "data.aws_vpc.this"
          ]
        }
      ]
    }
  ]
}
