{
  "version": 4,
  "terraform_version": "0.12.12",
  "serial": 122,
  "lineage": "673c2ccb-9530-f75b-6cf4-8ded31429c8a",
  "outputs": {},
  "resources": [
    {
      "module": "module.salmoncow",
      "mode": "data",
      "type": "aws_region",
      "name": "current",
      "provider": "provider.aws",
      "instances": [
        {
          "schema_version": 0,
          "attributes": {
            "current": null,
            "description": "US East (N. Virginia)",
            "endpoint": "ec2.us-east-1.amazonaws.com",
            "id": "us-east-1",
            "name": "us-east-1"
          }
        }
      ]
    },
    {
      "module": "module.salmoncow",
      "mode": "managed",
      "type": "aws_default_route_table",
      "name": "default_rt",
      "provider": "provider.aws",
      "instances": [
        {
          "schema_version": 0,
          "attributes": {
            "default_route_table_id": "rtb-06c3c39e1514f3f07",
            "id": "rtb-06c3c39e1514f3f07",
            "owner_id": "117865246796",
            "propagating_vgws": [],
            "route": [],
            "tags": {
              "Name": "salmoncow-test-default-rt",
              "deployment": "terraform"
            },
            "vpc_id": "vpc-0ca1354e26ee6e256"
          },
          "private": "bnVsbA==",
          "depends_on": [
            "aws_vpc.vpc"
          ]
        }
      ]
    },
    {
      "module": "module.salmoncow",
      "mode": "managed",
      "type": "aws_eip",
      "name": "nat_gw_eip",
      "each": "map",
      "provider": "provider.aws",
      "instances": [
        {
          "index_key": "10.0.3.0/24",
          "schema_version": 0,
          "attributes": {
            "allocation_id": null,
            "associate_with_private_ip": null,
            "association_id": "eipassoc-04d3e0ce1a05842e8",
            "domain": "vpc",
            "id": "eipalloc-06b2f38a4b5309b08",
            "instance": "",
            "network_interface": "eni-03d7820096f825dcb",
            "private_dns": "ip-10-0-3-24.ec2.internal",
            "private_ip": "10.0.3.24",
            "public_dns": "ec2-54-89-207-54.compute-1.amazonaws.com",
            "public_ip": "54.89.207.54",
            "public_ipv4_pool": "amazon",
            "tags": {},
            "timeouts": null,
            "vpc": true
          },
          "private": "eyJlMmJmYjczMC1lY2FhLTExZTYtOGY4OC0zNDM2M2JjN2M0YzAiOnsiZGVsZXRlIjoxODAwMDAwMDAwMDAsInJlYWQiOjkwMDAwMDAwMDAwMCwidXBkYXRlIjozMDAwMDAwMDAwMDB9fQ=="
        },
        {
          "index_key": "10.0.4.0/24",
          "schema_version": 0,
          "attributes": {
            "allocation_id": null,
            "associate_with_private_ip": null,
            "association_id": "eipassoc-0b9d869df4229c938",
            "domain": "vpc",
            "id": "eipalloc-05546b7447f1d3046",
            "instance": "",
            "network_interface": "eni-02634ba07080f2410",
            "private_dns": "ip-10-0-4-54.ec2.internal",
            "private_ip": "10.0.4.54",
            "public_dns": "ec2-3-211-117-130.compute-1.amazonaws.com",
            "public_ip": "3.211.117.130",
            "public_ipv4_pool": "amazon",
            "tags": {},
            "timeouts": null,
            "vpc": true
          },
          "private": "eyJlMmJmYjczMC1lY2FhLTExZTYtOGY4OC0zNDM2M2JjN2M0YzAiOnsiZGVsZXRlIjoxODAwMDAwMDAwMDAsInJlYWQiOjkwMDAwMDAwMDAwMCwidXBkYXRlIjozMDAwMDAwMDAwMDB9fQ=="
        }
      ]
    },
    {
      "module": "module.salmoncow",
      "mode": "managed",
      "type": "aws_internet_gateway",
      "name": "igw",
      "each": "map",
      "provider": "provider.aws",
      "instances": [
        {
          "index_key": "10.0.0.0/16",
          "schema_version": 0,
          "attributes": {
            "id": "igw-0d4db690e1fa3f2d3",
            "owner_id": "117865246796",
            "tags": {
              "Name": "salmoncow-test-igw",
              "deployment": "terraform"
            },
            "vpc_id": "vpc-0ca1354e26ee6e256"
          },
          "private": "bnVsbA==",
          "depends_on": [
            "aws_vpc.vpc"
          ]
        }
      ]
    },
    {
      "module": "module.salmoncow",
      "mode": "managed",
      "type": "aws_nat_gateway",
      "name": "nat_gw",
      "each": "map",
      "provider": "provider.aws",
      "instances": [
        {
          "index_key": "10.0.3.0/24",
          "schema_version": 0,
          "attributes": {
            "allocation_id": "eipalloc-06b2f38a4b5309b08",
            "id": "nat-03464c6febf658282",
            "network_interface_id": "eni-03d7820096f825dcb",
            "private_ip": "10.0.3.24",
            "public_ip": "54.89.207.54",
            "subnet_id": "subnet-0f6612c180993c0f5",
            "tags": {}
          },
          "private": "bnVsbA==",
          "depends_on": [
            "aws_eip.nat_gw_eip",
            "aws_internet_gateway.igw[0]",
            "aws_subnet.public_subnet"
          ]
        },
        {
          "index_key": "10.0.4.0/24",
          "schema_version": 0,
          "attributes": {
            "allocation_id": "eipalloc-05546b7447f1d3046",
            "id": "nat-00387100e3e8dace0",
            "network_interface_id": "eni-02634ba07080f2410",
            "private_ip": "10.0.4.54",
            "public_ip": "3.211.117.130",
            "subnet_id": "subnet-085f5b073b4280caf",
            "tags": {}
          },
          "private": "bnVsbA==",
          "depends_on": [
            "aws_eip.nat_gw_eip",
            "aws_internet_gateway.igw[0]",
            "aws_subnet.public_subnet"
          ]
        }
      ]
    },
    {
      "module": "module.salmoncow",
      "mode": "managed",
      "type": "aws_route",
      "name": "route_to_igw",
      "each": "map",
      "provider": "provider.aws",
      "instances": [
        {
          "index_key": "10.0.0.0/16",
          "schema_version": 0,
          "attributes": {
            "destination_cidr_block": "0.0.0.0/0",
            "destination_ipv6_cidr_block": null,
            "destination_prefix_list_id": "",
            "egress_only_gateway_id": "",
            "gateway_id": "igw-0d4db690e1fa3f2d3",
            "id": "r-rtb-0399faeeae043fa171080289494",
            "instance_id": "",
            "instance_owner_id": "",
            "nat_gateway_id": "",
            "network_interface_id": "",
            "origin": "CreateRoute",
            "route_table_id": "rtb-0399faeeae043fa17",
            "state": "active",
            "timeouts": null,
            "transit_gateway_id": "",
            "vpc_peering_connection_id": ""
          },
          "private": "eyJlMmJmYjczMC1lY2FhLTExZTYtOGY4OC0zNDM2M2JjN2M0YzAiOnsiY3JlYXRlIjoxMjAwMDAwMDAwMDAsImRlbGV0ZSI6MzAwMDAwMDAwMDAwfX0=",
          "depends_on": [
            "aws_internet_gateway.igw",
            "aws_route_table.public_rt"
          ]
        }
      ]
    },
    {
      "module": "module.salmoncow",
      "mode": "managed",
      "type": "aws_route",
      "name": "route_to_natgw",
      "each": "map",
      "provider": "provider.aws",
      "instances": [
        {
          "index_key": "10.0.3.0/24",
          "schema_version": 0,
          "attributes": {
            "destination_cidr_block": "0.0.0.0/0",
            "destination_ipv6_cidr_block": null,
            "destination_prefix_list_id": "",
            "egress_only_gateway_id": "",
            "gateway_id": "",
            "id": "r-rtb-0c85bd285aef6d2811080289494",
            "instance_id": "",
            "instance_owner_id": "",
            "nat_gateway_id": "nat-03464c6febf658282",
            "network_interface_id": "",
            "origin": "CreateRoute",
            "route_table_id": "rtb-0c85bd285aef6d281",
            "state": "active",
            "timeouts": null,
            "transit_gateway_id": "",
            "vpc_peering_connection_id": ""
          },
          "private": "eyJlMmJmYjczMC1lY2FhLTExZTYtOGY4OC0zNDM2M2JjN2M0YzAiOnsiY3JlYXRlIjoxMjAwMDAwMDAwMDAsImRlbGV0ZSI6MzAwMDAwMDAwMDAwfX0=",
          "depends_on": [
            "aws_nat_gateway.nat_gw",
            "aws_route_table.private_rt"
          ]
        },
        {
          "index_key": "10.0.4.0/24",
          "schema_version": 0,
          "attributes": {
            "destination_cidr_block": "0.0.0.0/0",
            "destination_ipv6_cidr_block": null,
            "destination_prefix_list_id": "",
            "egress_only_gateway_id": "",
            "gateway_id": "",
            "id": "r-rtb-063633c1bd970736e1080289494",
            "instance_id": "",
            "instance_owner_id": "",
            "nat_gateway_id": "nat-00387100e3e8dace0",
            "network_interface_id": "",
            "origin": "CreateRoute",
            "route_table_id": "rtb-063633c1bd970736e",
            "state": "active",
            "timeouts": null,
            "transit_gateway_id": "",
            "vpc_peering_connection_id": ""
          },
          "private": "eyJlMmJmYjczMC1lY2FhLTExZTYtOGY4OC0zNDM2M2JjN2M0YzAiOnsiY3JlYXRlIjoxMjAwMDAwMDAwMDAsImRlbGV0ZSI6MzAwMDAwMDAwMDAwfX0=",
          "depends_on": [
            "aws_nat_gateway.nat_gw",
            "aws_route_table.private_rt"
          ]
        }
      ]
    },
    {
      "module": "module.salmoncow",
      "mode": "managed",
      "type": "aws_route_table",
      "name": "private_rt",
      "each": "map",
      "provider": "provider.aws",
      "instances": [
        {
          "index_key": "10.0.1.0/24",
          "schema_version": 0,
          "attributes": {
            "id": "rtb-0c85bd285aef6d281",
            "owner_id": "117865246796",
            "propagating_vgws": [],
            "route": [
              {
                "cidr_block": "0.0.0.0/0",
                "egress_only_gateway_id": "",
                "gateway_id": "",
                "instance_id": "",
                "ipv6_cidr_block": "",
                "nat_gateway_id": "nat-03464c6febf658282",
                "network_interface_id": "",
                "transit_gateway_id": "",
                "vpc_peering_connection_id": ""
              }
            ],
            "tags": {
              "Name": "salmoncow-test-us-east-1a-private-rt",
              "deployment": "terraform"
            },
            "vpc_id": "vpc-0ca1354e26ee6e256"
          },
          "private": "bnVsbA==",
          "depends_on": [
            "aws_vpc.vpc"
          ]
        },
        {
          "index_key": "10.0.2.0/24",
          "schema_version": 0,
          "attributes": {
            "id": "rtb-063633c1bd970736e",
            "owner_id": "117865246796",
            "propagating_vgws": [],
            "route": [
              {
                "cidr_block": "0.0.0.0/0",
                "egress_only_gateway_id": "",
                "gateway_id": "",
                "instance_id": "",
                "ipv6_cidr_block": "",
                "nat_gateway_id": "nat-00387100e3e8dace0",
                "network_interface_id": "",
                "transit_gateway_id": "",
                "vpc_peering_connection_id": ""
              }
            ],
            "tags": {
              "Name": "salmoncow-test-us-east-1b-private-rt",
              "deployment": "terraform"
            },
            "vpc_id": "vpc-0ca1354e26ee6e256"
          },
          "private": "bnVsbA==",
          "depends_on": [
            "aws_vpc.vpc"
          ]
        }
      ]
    },
    {
      "module": "module.salmoncow",
      "mode": "managed",
      "type": "aws_route_table",
      "name": "public_rt",
      "each": "map",
      "provider": "provider.aws",
      "instances": [
        {
          "index_key": "10.0.0.0/16",
          "schema_version": 0,
          "attributes": {
            "id": "rtb-0399faeeae043fa17",
            "owner_id": "117865246796",
            "propagating_vgws": [],
            "route": [
              {
                "cidr_block": "0.0.0.0/0",
                "egress_only_gateway_id": "",
                "gateway_id": "igw-0d4db690e1fa3f2d3",
                "instance_id": "",
                "ipv6_cidr_block": "",
                "nat_gateway_id": "",
                "network_interface_id": "",
                "transit_gateway_id": "",
                "vpc_peering_connection_id": ""
              }
            ],
            "tags": {
              "Name": "salmoncow-test-us-east-1-public-rt",
              "deployment": "terraform"
            },
            "vpc_id": "vpc-0ca1354e26ee6e256"
          },
          "private": "bnVsbA==",
          "depends_on": [
            "aws_vpc.vpc"
          ]
        }
      ]
    },
    {
      "module": "module.salmoncow",
      "mode": "managed",
      "type": "aws_route_table_association",
      "name": "private_rt_assoc",
      "each": "map",
      "provider": "provider.aws",
      "instances": [
        {
          "index_key": "10.0.1.0/24",
          "schema_version": 0,
          "attributes": {
            "id": "rtbassoc-027728a1c5e70154a",
            "route_table_id": "rtb-0c85bd285aef6d281",
            "subnet_id": "subnet-0ebe07d9957a03e14"
          },
          "private": "bnVsbA==",
          "depends_on": [
            "aws_route_table.private_rt",
            "aws_subnet.private_subnet"
          ]
        },
        {
          "index_key": "10.0.2.0/24",
          "schema_version": 0,
          "attributes": {
            "id": "rtbassoc-05ddedbabd385fe2e",
            "route_table_id": "rtb-063633c1bd970736e",
            "subnet_id": "subnet-0ed76a2f184d3ea70"
          },
          "private": "bnVsbA==",
          "depends_on": [
            "aws_route_table.private_rt",
            "aws_subnet.private_subnet"
          ]
        }
      ]
    },
    {
      "module": "module.salmoncow",
      "mode": "managed",
      "type": "aws_route_table_association",
      "name": "public_rt_assoc",
      "each": "map",
      "provider": "provider.aws",
      "instances": [
        {
          "index_key": "10.0.3.0/24",
          "schema_version": 0,
          "attributes": {
            "id": "rtbassoc-08affe0f0458078ef",
            "route_table_id": "rtb-0399faeeae043fa17",
            "subnet_id": "subnet-0f6612c180993c0f5"
          },
          "private": "bnVsbA==",
          "depends_on": [
            "aws_route_table.public_rt",
            "aws_subnet.public_subnet"
          ]
        },
        {
          "index_key": "10.0.4.0/24",
          "schema_version": 0,
          "attributes": {
            "id": "rtbassoc-04cc78587ffafc58c",
            "route_table_id": "rtb-0399faeeae043fa17",
            "subnet_id": "subnet-085f5b073b4280caf"
          },
          "private": "bnVsbA==",
          "depends_on": [
            "aws_route_table.public_rt",
            "aws_subnet.public_subnet"
          ]
        }
      ]
    },
    {
      "module": "module.salmoncow",
      "mode": "managed",
      "type": "aws_subnet",
      "name": "private_subnet",
      "each": "map",
      "provider": "provider.aws",
      "instances": [
        {
          "index_key": "10.0.1.0/24",
          "schema_version": 1,
          "attributes": {
            "arn": "arn:aws:ec2:us-east-1:117865246796:subnet/subnet-0ebe07d9957a03e14",
            "assign_ipv6_address_on_creation": false,
            "availability_zone": "us-east-1a",
            "availability_zone_id": "use1-az4",
            "cidr_block": "10.0.1.0/24",
            "id": "subnet-0ebe07d9957a03e14",
            "ipv6_cidr_block": "",
            "ipv6_cidr_block_association_id": "",
            "map_public_ip_on_launch": false,
            "owner_id": "117865246796",
            "tags": {
              "Name": "salmoncow-test-us-east-1a-private-subnet",
              "deployment": "terraform",
              "network": "private"
            },
            "timeouts": null,
            "vpc_id": "vpc-0ca1354e26ee6e256"
          },
          "private": "eyJlMmJmYjczMC1lY2FhLTExZTYtOGY4OC0zNDM2M2JjN2M0YzAiOnsiY3JlYXRlIjo2MDAwMDAwMDAwMDAsImRlbGV0ZSI6MTIwMDAwMDAwMDAwMH0sInNjaGVtYV92ZXJzaW9uIjoiMSJ9",
          "depends_on": [
            "aws_vpc.vpc"
          ]
        },
        {
          "index_key": "10.0.2.0/24",
          "schema_version": 1,
          "attributes": {
            "arn": "arn:aws:ec2:us-east-1:117865246796:subnet/subnet-0ed76a2f184d3ea70",
            "assign_ipv6_address_on_creation": false,
            "availability_zone": "us-east-1b",
            "availability_zone_id": "use1-az6",
            "cidr_block": "10.0.2.0/24",
            "id": "subnet-0ed76a2f184d3ea70",
            "ipv6_cidr_block": "",
            "ipv6_cidr_block_association_id": "",
            "map_public_ip_on_launch": false,
            "owner_id": "117865246796",
            "tags": {
              "Name": "salmoncow-test-us-east-1b-private-subnet",
              "deployment": "terraform",
              "network": "private"
            },
            "timeouts": null,
            "vpc_id": "vpc-0ca1354e26ee6e256"
          },
          "private": "eyJlMmJmYjczMC1lY2FhLTExZTYtOGY4OC0zNDM2M2JjN2M0YzAiOnsiY3JlYXRlIjo2MDAwMDAwMDAwMDAsImRlbGV0ZSI6MTIwMDAwMDAwMDAwMH0sInNjaGVtYV92ZXJzaW9uIjoiMSJ9",
          "depends_on": [
            "aws_vpc.vpc"
          ]
        }
      ]
    },
    {
      "module": "module.salmoncow",
      "mode": "managed",
      "type": "aws_subnet",
      "name": "public_subnet",
      "each": "map",
      "provider": "provider.aws",
      "instances": [
        {
          "index_key": "10.0.3.0/24",
          "schema_version": 1,
          "attributes": {
            "arn": "arn:aws:ec2:us-east-1:117865246796:subnet/subnet-0f6612c180993c0f5",
            "assign_ipv6_address_on_creation": false,
            "availability_zone": "us-east-1c",
            "availability_zone_id": "use1-az1",
            "cidr_block": "10.0.3.0/24",
            "id": "subnet-0f6612c180993c0f5",
            "ipv6_cidr_block": "",
            "ipv6_cidr_block_association_id": "",
            "map_public_ip_on_launch": false,
            "owner_id": "117865246796",
            "tags": {
              "Name": "salmoncow-test-us-east-1c-public-subnet",
              "deployment": "terraform",
              "network": "public"
            },
            "timeouts": null,
            "vpc_id": "vpc-0ca1354e26ee6e256"
          },
          "private": "eyJlMmJmYjczMC1lY2FhLTExZTYtOGY4OC0zNDM2M2JjN2M0YzAiOnsiY3JlYXRlIjo2MDAwMDAwMDAwMDAsImRlbGV0ZSI6MTIwMDAwMDAwMDAwMH0sInNjaGVtYV92ZXJzaW9uIjoiMSJ9",
          "depends_on": [
            "aws_vpc.vpc"
          ]
        },
        {
          "index_key": "10.0.4.0/24",
          "schema_version": 1,
          "attributes": {
            "arn": "arn:aws:ec2:us-east-1:117865246796:subnet/subnet-085f5b073b4280caf",
            "assign_ipv6_address_on_creation": false,
            "availability_zone": "us-east-1d",
            "availability_zone_id": "use1-az2",
            "cidr_block": "10.0.4.0/24",
            "id": "subnet-085f5b073b4280caf",
            "ipv6_cidr_block": "",
            "ipv6_cidr_block_association_id": "",
            "map_public_ip_on_launch": false,
            "owner_id": "117865246796",
            "tags": {
              "Name": "salmoncow-test-us-east-1d-public-subnet",
              "deployment": "terraform",
              "network": "public"
            },
            "timeouts": null,
            "vpc_id": "vpc-0ca1354e26ee6e256"
          },
          "private": "eyJlMmJmYjczMC1lY2FhLTExZTYtOGY4OC0zNDM2M2JjN2M0YzAiOnsiY3JlYXRlIjo2MDAwMDAwMDAwMDAsImRlbGV0ZSI6MTIwMDAwMDAwMDAwMH0sInNjaGVtYV92ZXJzaW9uIjoiMSJ9",
          "depends_on": [
            "aws_vpc.vpc"
          ]
        }
      ]
    },
    {
      "module": "module.salmoncow",
      "mode": "managed",
      "type": "aws_vpc",
      "name": "vpc",
      "provider": "provider.aws",
      "instances": [
        {
          "schema_version": 1,
          "attributes": {
            "arn": "arn:aws:ec2:us-east-1:117865246796:vpc/vpc-0ca1354e26ee6e256",
            "assign_generated_ipv6_cidr_block": false,
            "cidr_block": "10.0.0.0/16",
            "default_network_acl_id": "acl-047ac7e475fb936ca",
            "default_route_table_id": "rtb-06c3c39e1514f3f07",
            "default_security_group_id": "sg-0cc4edde257c209b4",
            "dhcp_options_id": "dopt-d3fccfab",
            "enable_classiclink": false,
            "enable_classiclink_dns_support": false,
            "enable_dns_hostnames": false,
            "enable_dns_support": true,
            "id": "vpc-0ca1354e26ee6e256",
            "instance_tenancy": "default",
            "ipv6_association_id": "",
            "ipv6_cidr_block": "",
            "main_route_table_id": "rtb-06c3c39e1514f3f07",
            "owner_id": "117865246796",
            "tags": {
              "Name": "salmoncow",
              "deployment": "terraform"
            }
          },
          "private": "eyJzY2hlbWFfdmVyc2lvbiI6IjEifQ=="
        }
      ]
    }
  ]
}
