{
  "version": 4,
  "terraform_version": "0.12.12",
  "serial": 11,
  "lineage": "ac111603-989d-04ea-3f52-0c83cf65888a",
  "outputs": {},
  "resources": [
    {
      "module": "module.vpc",
      "mode": "managed",
      "type": "aws_vpc",
      "name": "vpc",
      "provider": "provider.aws",
      "instances": [
        {
          "schema_version": 1,
          "attributes": {
            "arn": "arn:aws:ec2:us-east-1:117865246796:vpc/vpc-0ca1354e26ee6e256",
            "assign_generated_ipv6_cidr_block": false,
            "cidr_block": "10.0.0.0/16",
            "default_network_acl_id": "acl-047ac7e475fb936ca",
            "default_route_table_id": "rtb-06c3c39e1514f3f07",
            "default_security_group_id": "sg-0cc4edde257c209b4",
            "dhcp_options_id": "dopt-d3fccfab",
            "enable_classiclink": false,
            "enable_classiclink_dns_support": false,
            "enable_dns_hostnames": false,
            "enable_dns_support": true,
            "id": "vpc-0ca1354e26ee6e256",
            "instance_tenancy": "default",
            "ipv6_association_id": "",
            "ipv6_cidr_block": "",
            "main_route_table_id": "rtb-06c3c39e1514f3f07",
            "owner_id": "117865246796",
            "tags": {
              "Name": "salmoncow",
              "deployment": "terraform"
            }
          },
          "private": "eyJzY2hlbWFfdmVyc2lvbiI6IjEifQ=="
        }
      ]
    }
  ]
}
